{
    "_meta": {
        "hash": {
            "sha256": "a3316d2f32cc1885961d45c1b7a1e3c77c9bfdff7f6c2e6247720b68d88c5689"
        },
        "requires": {},
        "sources": [
            {
                "url": "https://pypi.python.org/simple",
                "verify_ssl": true
            }
        ]
    },
    "default": {
        "click": {
            "version": "==6.7"
        },
        "enum-compat": {
            "version": "==0.0.2"
        },
        "eventlet": {
            "version": "==0.21.0"
        },
        "flask": {
            "version": "==0.12.2"
        },
        "flask-socketio": {
            "version": "==2.9.2"
        },
        "greenlet": {
            "version": "==0.4.12"
        },
        "gunicorn": {
            "version": "==19.7.1"
        },
        "itsdangerous": {
            "version": "==0.24"
        },
        "jinja2": {
            "version": "==2.10"
        },
        "markupsafe": {
            "version": "==1.0"
        },
        "python-engineio": {
            "version": "==1.7.0"
        },
        "python-socketio": {
            "version": "==1.8.3"
        },
        "six": {
            "version": "==1.11.0"
        },
        "werkzeug": {
            "version": "==0.12.2"
        }
    },
    "develop": {}
}
